
Microsoft Visual Studio Solution File, Format Version 12.00
# Visual Studio Version 16
VisualStudioVersion = 16.0.30804.86
MinimumVisualStudioVersion = 10.0.40219.1
Project("{FAE04EC0-301F-11D3-BF4B-00C04F79EFBC}") = "JobSearchOrganizer", "JobSearchOrganizer.csproj", "{840D93D8-0515-4F68-B960-C3EBEEB47918}"
EndProject
Global
	GlobalSection(SolutionConfigurationPlatforms) = preSolution
		Debug|Any CPU = Debug|Any CPU
		Release|Any CPU = Release|Any CPU
	EndGlobalSection
	GlobalSection(ProjectConfigurationPlatforms) = postSolution
		{840D93D8-0515-4F68-B960-C3EBEEB47918}.Debug|Any CPU.ActiveCfg = Debug|Any CPU
		{840D93D8-0515-4F68-B960-C3EBEEB47918}.Debug|Any CPU.Build.0 = Debug|Any CPU
		{840D93D8-0515-4F68-B960-C3EBEEB47918}.Release|Any CPU.ActiveCfg = Release|Any CPU
		{840D93D8-0515-4F68-B960-C3EBEEB47918}.Release|Any CPU.Build.0 = Release|Any CPU
	EndGlobalSection
	GlobalSection(SolutionProperties) = preSolution
		HideSolutionNode = FALSE
	EndGlobalSection
	GlobalSection(ExtensibilityGlobals) = postSolution
		SolutionGuid = {CD16F2BB-773D-4C7F-9E3B-D8F2E56CAE59}
	EndGlobalSection
EndGlobal
